PODS:
  - DYFRuntimeProvider (2.0.2.1)
  - DYFSwiftRuntimeProvider (2.0.2)

DEPENDENCIES:
  - DYFRuntimeProvider
  - DYFSwiftRuntimeProvider

SPEC REPOS:
  https://mirrors.tuna.tsinghua.edu.cn/git/CocoaPods/Specs.git:
    - DYFRuntimeProvider
    - DYFSwiftRuntimeProvider

SPEC CHECKSUMS:
  DYFRuntimeProvider: dd49aa339be3f1505824bb01e6e0159ff56c0152
  DYFSwiftRuntimeProvider: 7782f2e55ea374c5e8e16449c1cb387eefaabae9

PODFILE CHECKSUM: 764968b3dfb9f16d7eb87c25218b0f951ae3bbf0

COCOAPODS: 1.11.3
